
Microsoft Visual Studio Solution File, Format Version 12.00
# Visual Studio Version 17
VisualStudioVersion = 17.9.34723.18
MinimumVisualStudioVersion = 10.0.40219.1
Project("{9A19103F-16F7-4668-BE54-9A1E7A4F7556}") = "PAT", "PAT\PAT.csproj", "{A2227E7B-C67A-489B-AFDF-4ECC53B72A7F}"
EndProject
Global
	GlobalSection(SolutionConfigurationPlatforms) = preSolution
		Debug|Any CPU = Debug|Any CPU
		Deploy|Any CPU = Deploy|Any CPU
		Release|Any CPU = Release|Any CPU
	EndGlobalSection
	GlobalSection(ProjectConfigurationPlatforms) = postSolution
		{A2227E7B-C67A-489B-AFDF-4ECC53B72A7F}.Debug|Any CPU.ActiveCfg = Debug|Any CPU
		{A2227E7B-C67A-489B-AFDF-4ECC53B72A7F}.Debug|Any CPU.Build.0 = Debug|Any CPU
		{A2227E7B-C67A-489B-AFDF-4ECC53B72A7F}.Deploy|Any CPU.ActiveCfg = Deploy|Any CPU
		{A2227E7B-C67A-489B-AFDF-4ECC53B72A7F}.Deploy|Any CPU.Build.0 = Deploy|Any CPU
		{A2227E7B-C67A-489B-AFDF-4ECC53B72A7F}.Deploy|Any CPU.Deploy.0 = Deploy|Any CPU
		{A2227E7B-C67A-489B-AFDF-4ECC53B72A7F}.Release|Any CPU.ActiveCfg = Release|Any CPU
		{A2227E7B-C67A-489B-AFDF-4ECC53B72A7F}.Release|Any CPU.Build.0 = Release|Any CPU
	EndGlobalSection
	GlobalSection(SolutionProperties) = preSolution
		HideSolutionNode = FALSE
	EndGlobalSection
EndGlobal
