
Microsoft Visual Studio Solution File, Format Version 12.00
# Visual Studio Version 17
VisualStudioVersion = 17.8.34601.278
MinimumVisualStudioVersion = 10.0.40219.1
Project("{9A19103F-16F7-4668-BE54-9A1E7A4F7556}") = "PAT", "PAT\PAT.csproj", "{59285333-5457-4EA1-A4F3-A29951FCE72F}"
EndProject
Global
	GlobalSection(SolutionConfigurationPlatforms) = preSolution
		Debug|Any CPU = Debug|Any CPU
		Deploy|Any CPU = Deploy|Any CPU
		Release|Any CPU = Release|Any CPU
	EndGlobalSection
	GlobalSection(ProjectConfigurationPlatforms) = postSolution
		{59285333-5457-4EA1-A4F3-A29951FCE72F}.Debug|Any CPU.ActiveCfg = Debug|Any CPU
		{59285333-5457-4EA1-A4F3-A29951FCE72F}.Debug|Any CPU.Build.0 = Debug|Any CPU
		{59285333-5457-4EA1-A4F3-A29951FCE72F}.Deploy|Any CPU.ActiveCfg = Deploy|Any CPU
		{59285333-5457-4EA1-A4F3-A29951FCE72F}.Deploy|Any CPU.Build.0 = Deploy|Any CPU
		{59285333-5457-4EA1-A4F3-A29951FCE72F}.Deploy|Any CPU.Deploy.0 = Deploy|Any CPU
		{59285333-5457-4EA1-A4F3-A29951FCE72F}.Release|Any CPU.ActiveCfg = Release|Any CPU
		{59285333-5457-4EA1-A4F3-A29951FCE72F}.Release|Any CPU.Build.0 = Release|Any CPU
	EndGlobalSection
	GlobalSection(SolutionProperties) = preSolution
		HideSolutionNode = FALSE
	EndGlobalSection
EndGlobal
